// !$*UTF8*$!
{
	archiveVersion = 1;
	classes = {
	};
	objectVersion = 46;
	objects = {

/* Begin PBXBuildFile section */
		1D014A541A93EEB80052E4FC /* NewsFeed.m in Sources */ = {isa = PBXBuildFile; fileRef = 1D014A531A93EEB80052E4FC /* NewsFeed.m */; };
		1D0E13761A932DD10006D292 /* OBShapedButton.m in Sources */ = {isa = PBXBuildFile; fileRef = 1D0E13751A932DD10006D292 /* OBShapedButton.m */; };
		1D0E13791A932DD90006D292 /* UIImage+ColorAtPixel.m in Sources */ = {isa = PBXBuildFile; fileRef = 1D0E13781A932DD90006D292 /* UIImage+ColorAtPixel.m */; };
		1D0E137D1A9344BF0006D292 /* LiveFeedTableViewController.m in Sources */ = {isa = PBXBuildFile; fileRef = 1D0E137C1A9344BF0006D292 /* LiveFeedTableViewController.m */; };
		1D396E141A92895E0040382E /* StoreKit.framework in Frameworks */ = {isa = PBXBuildFile; fileRef = 1D396E131A92895E0040382E /* StoreKit.framework */; };
		1DA6A73F1A97159E00BD4420 /* AddMessageTableViewController.m in Sources */ = {isa = PBXBuildFile; fileRef = 1DA6A73E1A97159E00BD4420 /* AddMessageTableViewController.m */; };
		1DC511DB1A91D03B00947C20 /* UserDetails.m in Sources */ = {isa = PBXBuildFile; fileRef = 1DC511DA1A91D03B00947C20 /* UserDetails.m */; };
		1DC511DE1A91DFCF00947C20 /* LoginViewController.m in Sources */ = {isa = PBXBuildFile; fileRef = 1DC511DD1A91DFCF00947C20 /* LoginViewController.m */; };
		1DE452EA1A907D87009EF986 /* MapViewController.m in Sources */ = {isa = PBXBuildFile; fileRef = 1DE452E91A907D87009EF986 /* MapViewController.m */; };
		1DE452EC1A9080C8009EF986 /* Accounts.framework in Frameworks */ = {isa = PBXBuildFile; fileRef = 1DE452EB1A9080C8009EF986 /* Accounts.framework */; };
		1DE452EE1A9080F7009EF986 /* Social.framework in Frameworks */ = {isa = PBXBuildFile; fileRef = 1DE452ED1A9080F7009EF986 /* Social.framework */; };
		1DFC2C0D1A8C080800ADEA1B /* main.m in Sources */ = {isa = PBXBuildFile; fileRef = 1DFC2C0C1A8C080800ADEA1B /* main.m */; };
		1DFC2C101A8C080800ADEA1B /* AppDelegate.m in Sources */ = {isa = PBXBuildFile; fileRef = 1DFC2C0F1A8C080800ADEA1B /* AppDelegate.m */; };
		1DFC2C161A8C080900ADEA1B /* Main.storyboard in Resources */ = {isa = PBXBuildFile; fileRef = 1DFC2C141A8C080900ADEA1B /* Main.storyboard */; };
		1DFC2C181A8C080900ADEA1B /* Images.xcassets in Resources */ = {isa = PBXBuildFile; fileRef = 1DFC2C171A8C080900ADEA1B /* Images.xcassets */; };
		1DFC2C1B1A8C080900ADEA1B /* LaunchScreen.xib in Resources */ = {isa = PBXBuildFile; fileRef = 1DFC2C191A8C080900ADEA1B /* LaunchScreen.xib */; };
		1DFC2C271A8C080900ADEA1B /* HoppTests.m in Sources */ = {isa = PBXBuildFile; fileRef = 1DFC2C261A8C080900ADEA1B /* HoppTests.m */; };
		1DFC2C331A8C0B6B00ADEA1B /* Parse.framework in Frameworks */ = {isa = PBXBuildFile; fileRef = 1DFC2C311A8C0B6B00ADEA1B /* Parse.framework */; };
		1DFC2C351A8C0B9400ADEA1B /* AudioToolbox.framework in Frameworks */ = {isa = PBXBuildFile; fileRef = 1DFC2C341A8C0B9400ADEA1B /* AudioToolbox.framework */; };
		1DFC2C371A8C0B9800ADEA1B /* CFNetwork.framework in Frameworks */ = {isa = PBXBuildFile; fileRef = 1DFC2C361A8C0B9800ADEA1B /* CFNetwork.framework */; };
		1DFC2C391A8C0B9E00ADEA1B /* CoreGraphics.framework in Frameworks */ = {isa = PBXBuildFile; fileRef = 1DFC2C381A8C0B9E00ADEA1B /* CoreGraphics.framework */; };
		1DFC2C3B1A8C0BA300ADEA1B /* CoreLocation.framework in Frameworks */ = {isa = PBXBuildFile; fileRef = 1DFC2C3A1A8C0BA300ADEA1B /* CoreLocation.framework */; };
		1DFC2C3D1A8C0BA800ADEA1B /* MobileCoreServices.framework in Frameworks */ = {isa = PBXBuildFile; fileRef = 1DFC2C3C1A8C0BA800ADEA1B /* MobileCoreServices.framework */; };
		1DFC2C3F1A8C0BAE00ADEA1B /* QuartzCore.framework in Frameworks */ = {isa = PBXBuildFile; fileRef = 1DFC2C3E1A8C0BAE00ADEA1B /* QuartzCore.framework */; };
		1DFC2C411A8C0BB200ADEA1B /* Security.framework in Frameworks */ = {isa = PBXBuildFile; fileRef = 1DFC2C401A8C0BB200ADEA1B /* Security.framework */; };
		1DFC2C451A8C0BBC00ADEA1B /* SystemConfiguration.framework in Frameworks */ = {isa = PBXBuildFile; fileRef = 1DFC2C441A8C0BBC00ADEA1B /* SystemConfiguration.framework */; };
		1DFC2C471A8C0BC100ADEA1B /* libz.dylib in Frameworks */ = {isa = PBXBuildFile; fileRef = 1DFC2C461A8C0BC100ADEA1B /* libz.dylib */; };
		1DFC2C491A8C0BC700ADEA1B /* libsqlite3.dylib in Frameworks */ = {isa = PBXBuildFile; fileRef = 1DFC2C481A8C0BC700ADEA1B /* libsqlite3.dylib */; };
		1DFC2C4B1A8C51A900ADEA1B /* FacebookSDK.framework in Frameworks */ = {isa = PBXBuildFile; fileRef = 1DFC2C4A1A8C51A900ADEA1B /* FacebookSDK.framework */; };
		1DFC2C5F1A8C575400ADEA1B /* GoogleMaps.framework in Frameworks */ = {isa = PBXBuildFile; fileRef = 1DFC2C5E1A8C575400ADEA1B /* GoogleMaps.framework */; };
		1DFC2C611A8C576000ADEA1B /* GoogleMaps.bundle in Resources */ = {isa = PBXBuildFile; fileRef = 1DFC2C601A8C576000ADEA1B /* GoogleMaps.bundle */; };
		1DFC2C631A8C57AD00ADEA1B /* AVFoundation.framework in Frameworks */ = {isa = PBXBuildFile; fileRef = 1DFC2C621A8C57AD00ADEA1B /* AVFoundation.framework */; };
		1DFC2C651A8C57B200ADEA1B /* CoreData.framework in Frameworks */ = {isa = PBXBuildFile; fileRef = 1DFC2C641A8C57B200ADEA1B /* CoreData.framework */; };
		1DFC2C671A8C57BD00ADEA1B /* CoreText.framework in Frameworks */ = {isa = PBXBuildFile; fileRef = 1DFC2C661A8C57BD00ADEA1B /* CoreText.framework */; };
		1DFC2C691A8C57C200ADEA1B /* GLKit.framework in Frameworks */ = {isa = PBXBuildFile; fileRef = 1DFC2C681A8C57C200ADEA1B /* GLKit.framework */; };
		1DFC2C6B1A8C57C700ADEA1B /* ImageIO.framework in Frameworks */ = {isa = PBXBuildFile; fileRef = 1DFC2C6A1A8C57C700ADEA1B /* ImageIO.framework */; };
		1DFC2C6D1A8C57CD00ADEA1B /* libc++.dylib in Frameworks */ = {isa = PBXBuildFile; fileRef = 1DFC2C6C1A8C57CD00ADEA1B /* libc++.dylib */; };
		1DFC2C6F1A8C57D300ADEA1B /* libicucore.dylib in Frameworks */ = {isa = PBXBuildFile; fileRef = 1DFC2C6E1A8C57D300ADEA1B /* libicucore.dylib */; };
		1DFC2C711A8C57DE00ADEA1B /* OpenGLES.framework in Frameworks */ = {isa = PBXBuildFile; fileRef = 1DFC2C701A8C57DE00ADEA1B /* OpenGLES.framework */; };
/* End PBXBuildFile section */

/* Begin PBXContainerItemProxy section */
		1DFC2C211A8C080900ADEA1B /* PBXContainerItemProxy */ = {
			isa = PBXContainerItemProxy;
			containerPortal = 1DFC2BFF1A8C080800ADEA1B /* Project object */;
			proxyType = 1;
			remoteGlobalIDString = 1DFC2C061A8C080800ADEA1B;
			remoteInfo = Hopp;
		};
/* End PBXContainerItemProxy section */

/* Begin PBXFileReference section */
		1D014A521A93EEB80052E4FC /* NewsFeed.h */ = {isa = PBXFileReference; fileEncoding = 4; lastKnownFileType = sourcecode.c.h; path = NewsFeed.h; sourceTree = "<group>"; };
		1D014A531A93EEB80052E4FC /* NewsFeed.m */ = {isa = PBXFileReference; fileEncoding = 4; lastKnownFileType = sourcecode.c.objc; path = NewsFeed.m; sourceTree = "<group>"; };
		1D0E13741A932DD10006D292 /* OBShapedButton.h */ = {isa = PBXFileReference; fileEncoding = 4; lastKnownFileType = sourcecode.c.h; path = OBShapedButton.h; sourceTree = "<group>"; };
		1D0E13751A932DD10006D292 /* OBShapedButton.m */ = {isa = PBXFileReference; fileEncoding = 4; lastKnownFileType = sourcecode.c.objc; path = OBShapedButton.m; sourceTree = "<group>"; };
		1D0E13771A932DD90006D292 /* UIImage+ColorAtPixel.h */ = {isa = PBXFileReference; fileEncoding = 4; lastKnownFileType = sourcecode.c.h; path = "UIImage+ColorAtPixel.h"; sourceTree = "<group>"; };
		1D0E13781A932DD90006D292 /* UIImage+ColorAtPixel.m */ = {isa = PBXFileReference; fileEncoding = 4; lastKnownFileType = sourcecode.c.objc; path = "UIImage+ColorAtPixel.m"; sourceTree = "<group>"; };
		1D0E137B1A9344BF0006D292 /* LiveFeedTableViewController.h */ = {isa = PBXFileReference; fileEncoding = 4; lastKnownFileType = sourcecode.c.h; path = LiveFeedTableViewController.h; sourceTree = "<group>"; };
		1D0E137C1A9344BF0006D292 /* LiveFeedTableViewController.m */ = {isa = PBXFileReference; fileEncoding = 4; lastKnownFileType = sourcecode.c.objc; path = LiveFeedTableViewController.m; sourceTree = "<group>"; };
		1D396E131A92895E0040382E /* StoreKit.framework */ = {isa = PBXFileReference; lastKnownFileType = wrapper.framework; name = StoreKit.framework; path = System/Library/Frameworks/StoreKit.framework; sourceTree = SDKROOT; };
		1DA6A73D1A97159E00BD4420 /* AddMessageTableViewController.h */ = {isa = PBXFileReference; fileEncoding = 4; lastKnownFileType = sourcecode.c.h; path = AddMessageTableViewController.h; sourceTree = "<group>"; };
		1DA6A73E1A97159E00BD4420 /* AddMessageTableViewController.m */ = {isa = PBXFileReference; fileEncoding = 4; lastKnownFileType = sourcecode.c.objc; path = AddMessageTableViewController.m; sourceTree = "<group>"; };
		1DC511D91A91D03B00947C20 /* UserDetails.h */ = {isa = PBXFileReference; fileEncoding = 4; lastKnownFileType = sourcecode.c.h; path = UserDetails.h; sourceTree = "<group>"; };
		1DC511DA1A91D03B00947C20 /* UserDetails.m */ = {isa = PBXFileReference; fileEncoding = 4; lastKnownFileType = sourcecode.c.objc; path = UserDetails.m; sourceTree = "<group>"; };
		1DC511DC1A91DFCF00947C20 /* LoginViewController.h */ = {isa = PBXFileReference; fileEncoding = 4; lastKnownFileType = sourcecode.c.h; path = LoginViewController.h; sourceTree = "<group>"; };
		1DC511DD1A91DFCF00947C20 /* LoginViewController.m */ = {isa = PBXFileReference; fileEncoding = 4; lastKnownFileType = sourcecode.c.objc; path = LoginViewController.m; sourceTree = "<group>"; };
		1DE452E81A907D87009EF986 /* MapViewController.h */ = {isa = PBXFileReference; fileEncoding = 4; lastKnownFileType = sourcecode.c.h; path = MapViewController.h; sourceTree = "<group>"; };
		1DE452E91A907D87009EF986 /* MapViewController.m */ = {isa = PBXFileReference; fileEncoding = 4; lastKnownFileType = sourcecode.c.objc; path = MapViewController.m; sourceTree = "<group>"; };
		1DE452EB1A9080C8009EF986 /* Accounts.framework */ = {isa = PBXFileReference; lastKnownFileType = wrapper.framework; name = Accounts.framework; path = System/Library/Frameworks/Accounts.framework; sourceTree = SDKROOT; };
		1DE452ED1A9080F7009EF986 /* Social.framework */ = {isa = PBXFileReference; lastKnownFileType = wrapper.framework; name = Social.framework; path = System/Library/Frameworks/Social.framework; sourceTree = SDKROOT; };
		1DFC2C071A8C080800ADEA1B /* Hopp.app */ = {isa = PBXFileReference; explicitFileType = wrapper.application; includeInIndex = 0; path = Hopp.app; sourceTree = BUILT_PRODUCTS_DIR; };
		1DFC2C0B1A8C080800ADEA1B /* Info.plist */ = {isa = PBXFileReference; lastKnownFileType = text.plist.xml; path = Info.plist; sourceTree = "<group>"; };
		1DFC2C0C1A8C080800ADEA1B /* main.m */ = {isa = PBXFileReference; lastKnownFileType = sourcecode.c.objc; path = main.m; sourceTree = "<group>"; };
		1DFC2C0E1A8C080800ADEA1B /* AppDelegate.h */ = {isa = PBXFileReference; lastKnownFileType = sourcecode.c.h; path = AppDelegate.h; sourceTree = "<group>"; };
		1DFC2C0F1A8C080800ADEA1B /* AppDelegate.m */ = {isa = PBXFileReference; lastKnownFileType = sourcecode.c.objc; path = AppDelegate.m; sourceTree = "<group>"; };
		1DFC2C151A8C080900ADEA1B /* Base */ = {isa = PBXFileReference; lastKnownFileType = file.storyboard; name = Base; path = Base.lproj/Main.storyboard; sourceTree = "<group>"; };
		1DFC2C171A8C080900ADEA1B /* Images.xcassets */ = {isa = PBXFileReference; lastKnownFileType = folder.assetcatalog; path = Images.xcassets; sourceTree = "<group>"; };
		1DFC2C1A1A8C080900ADEA1B /* Base */ = {isa = PBXFileReference; lastKnownFileType = file.xib; name = Base; path = Base.lproj/LaunchScreen.xib; sourceTree = "<group>"; };
		1DFC2C201A8C080900ADEA1B /* HoppTests.xctest */ = {isa = PBXFileReference; explicitFileType = wrapper.cfbundle; includeInIndex = 0; path = HoppTests.xctest; sourceTree = BUILT_PRODUCTS_DIR; };
		1DFC2C251A8C080900ADEA1B /* Info.plist */ = {isa = PBXFileReference; lastKnownFileType = text.plist.xml; path = Info.plist; sourceTree = "<group>"; };
		1DFC2C261A8C080900ADEA1B /* HoppTests.m */ = {isa = PBXFileReference; lastKnownFileType = sourcecode.c.objc; path = HoppTests.m; sourceTree = "<group>"; };
		1DFC2C311A8C0B6B00ADEA1B /* Parse.framework */ = {isa = PBXFileReference; lastKnownFileType = wrapper.framework; path = Parse.framework; sourceTree = "<group>"; };
		1DFC2C341A8C0B9400ADEA1B /* AudioToolbox.framework */ = {isa = PBXFileReference; lastKnownFileType = wrapper.framework; name = AudioToolbox.framework; path = System/Library/Frameworks/AudioToolbox.framework; sourceTree = SDKROOT; };
		1DFC2C361A8C0B9800ADEA1B /* CFNetwork.framework */ = {isa = PBXFileReference; lastKnownFileType = wrapper.framework; name = CFNetwork.framework; path = System/Library/Frameworks/CFNetwork.framework; sourceTree = SDKROOT; };
		1DFC2C381A8C0B9E00ADEA1B /* CoreGraphics.framework */ = {isa = PBXFileReference; lastKnownFileType = wrapper.framework; name = CoreGraphics.framework; path = System/Library/Frameworks/CoreGraphics.framework; sourceTree = SDKROOT; };
		1DFC2C3A1A8C0BA300ADEA1B /* CoreLocation.framework */ = {isa = PBXFileReference; lastKnownFileType = wrapper.framework; name = CoreLocation.framework; path = System/Library/Frameworks/CoreLocation.framework; sourceTree = SDKROOT; };
		1DFC2C3C1A8C0BA800ADEA1B /* MobileCoreServices.framework */ = {isa = PBXFileReference; lastKnownFileType = wrapper.framework; name = MobileCoreServices.framework; path = System/Library/Frameworks/MobileCoreServices.framework; sourceTree = SDKROOT; };
		1DFC2C3E1A8C0BAE00ADEA1B /* QuartzCore.framework */ = {isa = PBXFileReference; lastKnownFileType = wrapper.framework; name = QuartzCore.framework; path = System/Library/Frameworks/QuartzCore.framework; sourceTree = SDKROOT; };
		1DFC2C401A8C0BB200ADEA1B /* Security.framework */ = {isa = PBXFileReference; lastKnownFileType = wrapper.framework; name = Security.framework; path = System/Library/Frameworks/Security.framework; sourceTree = SDKROOT; };
		1DFC2C441A8C0BBC00ADEA1B /* SystemConfiguration.framework */ = {isa = PBXFileReference; lastKnownFileType = wrapper.framework; name = SystemConfiguration.framework; path = System/Library/Frameworks/SystemConfiguration.framework; sourceTree = SDKROOT; };
		1DFC2C461A8C0BC100ADEA1B /* libz.dylib */ = {isa = PBXFileReference; lastKnownFileType = "compiled.mach-o.dylib"; name = libz.dylib; path = usr/lib/libz.dylib; sourceTree = SDKROOT; };
		1DFC2C481A8C0BC700ADEA1B /* libsqlite3.dylib */ = {isa = PBXFileReference; lastKnownFileType = "compiled.mach-o.dylib"; name = libsqlite3.dylib; path = usr/lib/libsqlite3.dylib; sourceTree = SDKROOT; };
		1DFC2C4A1A8C51A900ADEA1B /* FacebookSDK.framework */ = {isa = PBXFileReference; lastKnownFileType = wrapper.framework; name = FacebookSDK.framework; path = ../../Documents/FacebookSDK/FacebookSDK.framework; sourceTree = "<group>"; };
		1DFC2C5E1A8C575400ADEA1B /* GoogleMaps.framework */ = {isa = PBXFileReference; lastKnownFileType = wrapper.framework; path = GoogleMaps.framework; sourceTree = "<group>"; };
		1DFC2C601A8C576000ADEA1B /* GoogleMaps.bundle */ = {isa = PBXFileReference; lastKnownFileType = "wrapper.plug-in"; name = GoogleMaps.bundle; path = GoogleMaps.framework/Versions/A/Resources/GoogleMaps.bundle; sourceTree = "<group>"; };
		1DFC2C621A8C57AD00ADEA1B /* AVFoundation.framework */ = {isa = PBXFileReference; lastKnownFileType = wrapper.framework; name = AVFoundation.framework; path = System/Library/Frameworks/AVFoundation.framework; sourceTree = SDKROOT; };
		1DFC2C641A8C57B200ADEA1B /* CoreData.framework */ = {isa = PBXFileReference; lastKnownFileType = wrapper.framework; name = CoreData.framework; path = System/Library/Frameworks/CoreData.framework; sourceTree = SDKROOT; };
		1DFC2C661A8C57BD00ADEA1B /* CoreText.framework */ = {isa = PBXFileReference; lastKnownFileType = wrapper.framework; name = CoreText.framework; path = System/Library/Frameworks/CoreText.framework; sourceTree = SDKROOT; };
		1DFC2C681A8C57C200ADEA1B /* GLKit.framework */ = {isa = PBXFileReference; lastKnownFileType = wrapper.framework; name = GLKit.framework; path = System/Library/Frameworks/GLKit.framework; sourceTree = SDKROOT; };
		1DFC2C6A1A8C57C700ADEA1B /* ImageIO.framework */ = {isa = PBXFileReference; lastKnownFileType = wrapper.framework; name = ImageIO.framework; path = System/Library/Frameworks/ImageIO.framework; sourceTree = SDKROOT; };
		1DFC2C6C1A8C57CD00ADEA1B /* libc++.dylib */ = {isa = PBXFileReference; lastKnownFileType = "compiled.mach-o.dylib"; name = "libc++.dylib"; path = "usr/lib/libc++.dylib"; sourceTree = SDKROOT; };
		1DFC2C6E1A8C57D300ADEA1B /* libicucore.dylib */ = {isa = PBXFileReference; lastKnownFileType = "compiled.mach-o.dylib"; name = libicucore.dylib; path = usr/lib/libicucore.dylib; sourceTree = SDKROOT; };
		1DFC2C701A8C57DE00ADEA1B /* OpenGLES.framework */ = {isa = PBXFileReference; lastKnownFileType = wrapper.framework; name = OpenGLES.framework; path = System/Library/Frameworks/OpenGLES.framework; sourceTree = SDKROOT; };
/* End PBXFileReference section */

/* Begin PBXFrameworksBuildPhase section */
		1DFC2C041A8C080800ADEA1B /* Frameworks */ = {
			isa = PBXFrameworksBuildPhase;
			buildActionMask = 2147483647;
			files = (
				1DE452EE1A9080F7009EF986 /* Social.framework in Frameworks */,
				1DE452EC1A9080C8009EF986 /* Accounts.framework in Frameworks */,
				1DFC2C451A8C0BBC00ADEA1B /* SystemConfiguration.framework in Frameworks */,
				1D396E141A92895E0040382E /* StoreKit.framework in Frameworks */,
				1DFC2C3F1A8C0BAE00ADEA1B /* QuartzCore.framework in Frameworks */,
				1DFC2C711A8C57DE00ADEA1B /* OpenGLES.framework in Frameworks */,
				1DFC2C471A8C0BC100ADEA1B /* libz.dylib in Frameworks */,
				1DFC2C6F1A8C57D300ADEA1B /* libicucore.dylib in Frameworks */,
				1DFC2C6D1A8C57CD00ADEA1B /* libc++.dylib in Frameworks */,
				1DFC2C6B1A8C57C700ADEA1B /* ImageIO.framework in Frameworks */,
				1DFC2C691A8C57C200ADEA1B /* GLKit.framework in Frameworks */,
				1DFC2C671A8C57BD00ADEA1B /* CoreText.framework in Frameworks */,
				1DFC2C3B1A8C0BA300ADEA1B /* CoreLocation.framework in Frameworks */,
				1DFC2C651A8C57B200ADEA1B /* CoreData.framework in Frameworks */,
				1DFC2C631A8C57AD00ADEA1B /* AVFoundation.framework in Frameworks */,
				1DFC2C491A8C0BC700ADEA1B /* libsqlite3.dylib in Frameworks */,
				1DFC2C5F1A8C575400ADEA1B /* GoogleMaps.framework in Frameworks */,
				1DFC2C411A8C0BB200ADEA1B /* Security.framework in Frameworks */,
				1DFC2C3D1A8C0BA800ADEA1B /* MobileCoreServices.framework in Frameworks */,
				1DFC2C391A8C0B9E00ADEA1B /* CoreGraphics.framework in Frameworks */,
				1DFC2C371A8C0B9800ADEA1B /* CFNetwork.framework in Frameworks */,
				1DFC2C351A8C0B9400ADEA1B /* AudioToolbox.framework in Frameworks */,
				1DFC2C331A8C0B6B00ADEA1B /* Parse.framework in Frameworks */,
				1DFC2C4B1A8C51A900ADEA1B /* FacebookSDK.framework in Frameworks */,
			);
			runOnlyForDeploymentPostprocessing = 0;
		};
		1DFC2C1D1A8C080900ADEA1B /* Frameworks */ = {
			isa = PBXFrameworksBuildPhase;
			buildActionMask = 2147483647;
			files = (
			);
			runOnlyForDeploymentPostprocessing = 0;
		};
/* End PBXFrameworksBuildPhase section */

/* Begin PBXGroup section */
		1D0E137A1A932DDF0006D292 /* Circular Button Classes */ = {
			isa = PBXGroup;
			children = (
				1D0E13771A932DD90006D292 /* UIImage+ColorAtPixel.h */,
				1D0E13781A932DD90006D292 /* UIImage+ColorAtPixel.m */,
				1D0E13741A932DD10006D292 /* OBShapedButton.h */,
				1D0E13751A932DD10006D292 /* OBShapedButton.m */,
			);
			name = "Circular Button Classes";
			sourceTree = "<group>";
		};
		1DFC2BFE1A8C080800ADEA1B = {
			isa = PBXGroup;
			children = (
				1D396E131A92895E0040382E /* StoreKit.framework */,
				1DE452ED1A9080F7009EF986 /* Social.framework */,
				1DE452EB1A9080C8009EF986 /* Accounts.framework */,
				1DFC2C701A8C57DE00ADEA1B /* OpenGLES.framework */,
				1DFC2C6E1A8C57D300ADEA1B /* libicucore.dylib */,
				1DFC2C6C1A8C57CD00ADEA1B /* libc++.dylib */,
				1DFC2C6A1A8C57C700ADEA1B /* ImageIO.framework */,
				1DFC2C681A8C57C200ADEA1B /* GLKit.framework */,
				1DFC2C661A8C57BD00ADEA1B /* CoreText.framework */,
				1DFC2C641A8C57B200ADEA1B /* CoreData.framework */,
				1DFC2C621A8C57AD00ADEA1B /* AVFoundation.framework */,
				1DFC2C601A8C576000ADEA1B /* GoogleMaps.bundle */,
				1DFC2C5E1A8C575400ADEA1B /* GoogleMaps.framework */,
				1DFC2C4A1A8C51A900ADEA1B /* FacebookSDK.framework */,
				1DFC2C481A8C0BC700ADEA1B /* libsqlite3.dylib */,
				1DFC2C461A8C0BC100ADEA1B /* libz.dylib */,
				1DFC2C441A8C0BBC00ADEA1B /* SystemConfiguration.framework */,
				1DFC2C401A8C0BB200ADEA1B /* Security.framework */,
				1DFC2C3E1A8C0BAE00ADEA1B /* QuartzCore.framework */,
				1DFC2C3C1A8C0BA800ADEA1B /* MobileCoreServices.framework */,
				1DFC2C3A1A8C0BA300ADEA1B /* CoreLocation.framework */,
				1DFC2C381A8C0B9E00ADEA1B /* CoreGraphics.framework */,
				1DFC2C361A8C0B9800ADEA1B /* CFNetwork.framework */,
				1DFC2C341A8C0B9400ADEA1B /* AudioToolbox.framework */,
				1DFC2C311A8C0B6B00ADEA1B /* Parse.framework */,
				1DFC2C091A8C080800ADEA1B /* Hopp */,
				1DFC2C231A8C080900ADEA1B /* HoppTests */,
				1DFC2C081A8C080800ADEA1B /* Products */,
			);
			sourceTree = "<group>";
		};
		1DFC2C081A8C080800ADEA1B /* Products */ = {
			isa = PBXGroup;
			children = (
				1DFC2C071A8C080800ADEA1B /* Hopp.app */,
				1DFC2C201A8C080900ADEA1B /* HoppTests.xctest */,
			);
			name = Products;
			sourceTree = "<group>";
		};
		1DFC2C091A8C080800ADEA1B /* Hopp */ = {
			isa = PBXGroup;
			children = (
				1D0E137A1A932DDF0006D292 /* Circular Button Classes */,
				1DFC2C0E1A8C080800ADEA1B /* AppDelegate.h */,
				1DFC2C0F1A8C080800ADEA1B /* AppDelegate.m */,
				1D014A521A93EEB80052E4FC /* NewsFeed.h */,
				1D014A531A93EEB80052E4FC /* NewsFeed.m */,
				1DC511D91A91D03B00947C20 /* UserDetails.h */,
				1DC511DA1A91D03B00947C20 /* UserDetails.m */,
				1DFC2C141A8C080900ADEA1B /* Main.storyboard */,
				1DA6A73D1A97159E00BD4420 /* AddMessageTableViewController.h */,
				1DA6A73E1A97159E00BD4420 /* AddMessageTableViewController.m */,
				1D0E137B1A9344BF0006D292 /* LiveFeedTableViewController.h */,
				1D0E137C1A9344BF0006D292 /* LiveFeedTableViewController.m */,
				1DC511DC1A91DFCF00947C20 /* LoginViewController.h */,
				1DC511DD1A91DFCF00947C20 /* LoginViewController.m */,
				1DE452E81A907D87009EF986 /* MapViewController.h */,
				1DE452E91A907D87009EF986 /* MapViewController.m */,
				1DFC2C171A8C080900ADEA1B /* Images.xcassets */,
				1DFC2C191A8C080900ADEA1B /* LaunchScreen.xib */,
				1DFC2C0A1A8C080800ADEA1B /* Supporting Files */,
			);
			path = Hopp;
			sourceTree = "<group>";
		};
		1DFC2C0A1A8C080800ADEA1B /* Supporting Files */ = {
			isa = PBXGroup;
			children = (
				1DFC2C0B1A8C080800ADEA1B /* Info.plist */,
				1DFC2C0C1A8C080800ADEA1B /* main.m */,
			);
			name = "Supporting Files";
			sourceTree = "<group>";
		};
		1DFC2C231A8C080900ADEA1B /* HoppTests */ = {
			isa = PBXGroup;
			children = (
				1DFC2C261A8C080900ADEA1B /* HoppTests.m */,
				1DFC2C241A8C080900ADEA1B /* Supporting Files */,
			);
			path = HoppTests;
			sourceTree = "<group>";
		};
		1DFC2C241A8C080900ADEA1B /* Supporting Files */ = {
			isa = PBXGroup;
			children = (
				1DFC2C251A8C080900ADEA1B /* Info.plist */,
			);
			name = "Supporting Files";
			sourceTree = "<group>";
		};
/* End PBXGroup section */

/* Begin PBXNativeTarget section */
		1DFC2C061A8C080800ADEA1B /* Hopp */ = {
			isa = PBXNativeTarget;
			buildConfigurationList = 1DFC2C2A1A8C080900ADEA1B /* Build configuration list for PBXNativeTarget "Hopp" */;
			buildPhases = (
				1DFC2C031A8C080800ADEA1B /* Sources */,
				1DFC2C041A8C080800ADEA1B /* Frameworks */,
				1DFC2C051A8C080800ADEA1B /* Resources */,
			);
			buildRules = (
			);
			dependencies = (
			);
			name = Hopp;
			productName = Hopp;
			productReference = 1DFC2C071A8C080800ADEA1B /* Hopp.app */;
			productType = "com.apple.product-type.application";
		};
		1DFC2C1F1A8C080900ADEA1B /* HoppTests */ = {
			isa = PBXNativeTarget;
			buildConfigurationList = 1DFC2C2D1A8C080900ADEA1B /* Build configuration list for PBXNativeTarget "HoppTests" */;
			buildPhases = (
				1DFC2C1C1A8C080900ADEA1B /* Sources */,
				1DFC2C1D1A8C080900ADEA1B /* Frameworks */,
				1DFC2C1E1A8C080900ADEA1B /* Resources */,
			);
			buildRules = (
			);
			dependencies = (
				1DFC2C221A8C080900ADEA1B /* PBXTargetDependency */,
			);
			name = HoppTests;
			productName = HoppTests;
			productReference = 1DFC2C201A8C080900ADEA1B /* HoppTests.xctest */;
			productType = "com.apple.product-type.bundle.unit-test";
		};
/* End PBXNativeTarget section */

/* Begin PBXProject section */
		1DFC2BFF1A8C080800ADEA1B /* Project object */ = {
			isa = PBXProject;
			attributes = {
				LastUpgradeCheck = 0610;
				ORGANIZATIONNAME = "Lane Miles";
				TargetAttributes = {
					1DFC2C061A8C080800ADEA1B = {
						CreatedOnToolsVersion = 6.1;
						DevelopmentTeam = 2DW23XF3GV;
						SystemCapabilities = {
							com.apple.InAppPurchase = {
								enabled = 1;
							};
						};
					};
					1DFC2C1F1A8C080900ADEA1B = {
						CreatedOnToolsVersion = 6.1;
						DevelopmentTeam = 2DW23XF3GV;
						TestTargetID = 1DFC2C061A8C080800ADEA1B;
					};
				};
			};
			buildConfigurationList = 1DFC2C021A8C080800ADEA1B /* Build configuration list for PBXProject "Hopp" */;
			compatibilityVersion = "Xcode 3.2";
			developmentRegion = English;
			hasScannedForEncodings = 0;
			knownRegions = (
				en,
				Base,
			);
			mainGroup = 1DFC2BFE1A8C080800ADEA1B;
			productRefGroup = 1DFC2C081A8C080800ADEA1B /* Products */;
			projectDirPath = "";
			projectRoot = "";
			targets = (
				1DFC2C061A8C080800ADEA1B /* Hopp */,
				1DFC2C1F1A8C080900ADEA1B /* HoppTests */,
			);
		};
/* End PBXProject section */

/* Begin PBXResourcesBuildPhase section */
		1DFC2C051A8C080800ADEA1B /* Resources */ = {
			isa = PBXResourcesBuildPhase;
			buildActionMask = 2147483647;
			files = (
				1DFC2C161A8C080900ADEA1B /* Main.storyboard in Resources */,
				1DFC2C1B1A8C080900ADEA1B /* LaunchScreen.xib in Resources */,
				1DFC2C181A8C080900ADEA1B /* Images.xcassets in Resources */,
				1DFC2C611A8C576000ADEA1B /* GoogleMaps.bundle in Resources */,
			);
			runOnlyForDeploymentPostprocessing = 0;
		};
		1DFC2C1E1A8C080900ADEA1B /* Resources */ = {
			isa = PBXResourcesBuildPhase;
			buildActionMask = 2147483647;
			files = (
			);
			runOnlyForDeploymentPostprocessing = 0;
		};
/* End PBXResourcesBuildPhase section */

/* Begin PBXSourcesBuildPhase section */
		1DFC2C031A8C080800ADEA1B /* Sources */ = {
			isa = PBXSourcesBuildPhase;
			buildActionMask = 2147483647;
			files = (
				1D014A541A93EEB80052E4FC /* NewsFeed.m in Sources */,
				1DFC2C101A8C080800ADEA1B /* AppDelegate.m in Sources */,
				1D0E13761A932DD10006D292 /* OBShapedButton.m in Sources */,
				1DC511DB1A91D03B00947C20 /* UserDetails.m in Sources */,
				1D0E137D1A9344BF0006D292 /* LiveFeedTableViewController.m in Sources */,
				1DFC2C0D1A8C080800ADEA1B /* main.m in Sources */,
				1DE452EA1A907D87009EF986 /* MapViewController.m in Sources */,
				1D0E13791A932DD90006D292 /* UIImage+ColorAtPixel.m in Sources */,
				1DC511DE1A91DFCF00947C20 /* LoginViewController.m in Sources */,
				1DA6A73F1A97159E00BD4420 /* AddMessageTableViewController.m in Sources */,
			);
			runOnlyForDeploymentPostprocessing = 0;
		};
		1DFC2C1C1A8C080900ADEA1B /* Sources */ = {
			isa = PBXSourcesBuildPhase;
			buildActionMask = 2147483647;
			files = (
				1DFC2C271A8C080900ADEA1B /* HoppTests.m in Sources */,
			);
			runOnlyForDeploymentPostprocessing = 0;
		};
/* End PBXSourcesBuildPhase section */

/* Begin PBXTargetDependency section */
		1DFC2C221A8C080900ADEA1B /* PBXTargetDependency */ = {
			isa = PBXTargetDependency;
			target = 1DFC2C061A8C080800ADEA1B /* Hopp */;
			targetProxy = 1DFC2C211A8C080900ADEA1B /* PBXContainerItemProxy */;
		};
/* End PBXTargetDependency section */

/* Begin PBXVariantGroup section */
		1DFC2C141A8C080900ADEA1B /* Main.storyboard */ = {
			isa = PBXVariantGroup;
			children = (
				1DFC2C151A8C080900ADEA1B /* Base */,
			);
			name = Main.storyboard;
			sourceTree = "<group>";
		};
		1DFC2C191A8C080900ADEA1B /* LaunchScreen.xib */ = {
			isa = PBXVariantGroup;
			children = (
				1DFC2C1A1A8C080900ADEA1B /* Base */,
			);
			name = LaunchScreen.xib;
			sourceTree = "<group>";
		};
/* End PBXVariantGroup section */

/* Begin XCBuildConfiguration section */
		1DFC2C281A8C080900ADEA1B /* Debug */ = {
			isa = XCBuildConfiguration;
			buildSettings = {
				ALWAYS_SEARCH_USER_PATHS = NO;
				CLANG_CXX_LANGUAGE_STANDARD = "gnu++0x";
				CLANG_CXX_LIBRARY = "libc++";
				CLANG_ENABLE_MODULES = YES;
				CLANG_ENABLE_OBJC_ARC = YES;
				CLANG_WARN_BOOL_CONVERSION = YES;
				CLANG_WARN_CONSTANT_CONVERSION = YES;
				CLANG_WARN_DIRECT_OBJC_ISA_USAGE = YES_ERROR;
				CLANG_WARN_EMPTY_BODY = YES;
				CLANG_WARN_ENUM_CONVERSION = YES;
				CLANG_WARN_INT_CONVERSION = YES;
				CLANG_WARN_OBJC_ROOT_CLASS = YES_ERROR;
				CLANG_WARN_UNREACHABLE_CODE = YES;
				CLANG_WARN__DUPLICATE_METHOD_MATCH = YES;
				CODE_SIGN_IDENTITY = "iPhone Developer: Lane Miles (4N48UBB95Z)";
				"CODE_SIGN_IDENTITY[sdk=iphoneos*]" = "iPhone Developer: Lane Miles (4N48UBB95Z)";
				COPY_PHASE_STRIP = NO;
				ENABLE_STRICT_OBJC_MSGSEND = YES;
				GCC_C_LANGUAGE_STANDARD = gnu99;
				GCC_DYNAMIC_NO_PIC = NO;
				GCC_OPTIMIZATION_LEVEL = 0;
				GCC_PREPROCESSOR_DEFINITIONS = (
					"DEBUG=1",
					"$(inherited)",
				);
				GCC_SYMBOLS_PRIVATE_EXTERN = NO;
				GCC_WARN_64_TO_32_BIT_CONVERSION = YES;
				GCC_WARN_ABOUT_RETURN_TYPE = YES_ERROR;
				GCC_WARN_UNDECLARED_SELECTOR = YES;
				GCC_WARN_UNINITIALIZED_AUTOS = YES_AGGRESSIVE;
				GCC_WARN_UNUSED_FUNCTION = YES;
				GCC_WARN_UNUSED_VARIABLE = YES;
				IPHONEOS_DEPLOYMENT_TARGET = 7.1;
				MTL_ENABLE_DEBUG_INFO = YES;
				ONLY_ACTIVE_ARCH = YES;
				OTHER_LDFLAGS = "-ObjC";
				PROVISIONING_PROFILE = "8ea016e2-0b67-4f70-97bb-ba10694162af";
				SDKROOT = iphoneos;
			};
			name = Debug;
		};
		1DFC2C291A8C080900ADEA1B /* Release */ = {
			isa = XCBuildConfiguration;
			buildSettings = {
				ALWAYS_SEARCH_USER_PATHS = NO;
				CLANG_CXX_LANGUAGE_STANDARD = "gnu++0x";
				CLANG_CXX_LIBRARY = "libc++";
				CLANG_ENABLE_MODULES = YES;
				CLANG_ENABLE_OBJC_ARC = YES;
				CLANG_WARN_BOOL_CONVERSION = YES;
				CLANG_WARN_CONSTANT_CONVERSION = YES;
				CLANG_WARN_DIRECT_OBJC_ISA_USAGE = YES_ERROR;
				CLANG_WARN_EMPTY_BODY = YES;
				CLANG_WARN_ENUM_CONVERSION = YES;
				CLANG_WARN_INT_CONVERSION = YES;
				CLANG_WARN_OBJC_ROOT_CLASS = YES_ERROR;
				CLANG_WARN_UNREACHABLE_CODE = YES;
				CLANG_WARN__DUPLICATE_METHOD_MATCH = YES;
				CODE_SIGN_IDENTITY = "iPhone Developer: Lane Miles (4N48UBB95Z)";
				"CODE_SIGN_IDENTITY[sdk=iphoneos*]" = "iPhone Developer: Lane Miles (4N48UBB95Z)";
				COPY_PHASE_STRIP = YES;
				ENABLE_NS_ASSERTIONS = NO;
				ENABLE_STRICT_OBJC_MSGSEND = YES;
				GCC_C_LANGUAGE_STANDARD = gnu99;
				GCC_WARN_64_TO_32_BIT_CONVERSION = YES;
				GCC_WARN_ABOUT_RETURN_TYPE = YES_ERROR;
				GCC_WARN_UNDECLARED_SELECTOR = YES;
				GCC_WARN_UNINITIALIZED_AUTOS = YES_AGGRESSIVE;
				GCC_WARN_UNUSED_FUNCTION = YES;
				GCC_WARN_UNUSED_VARIABLE = YES;
				IPHONEOS_DEPLOYMENT_TARGET = 7.1;
				MTL_ENABLE_DEBUG_INFO = NO;
				OTHER_LDFLAGS = "-ObjC";
				PROVISIONING_PROFILE = "8ea016e2-0b67-4f70-97bb-ba10694162af";
				SDKROOT = iphoneos;
				VALIDATE_PRODUCT = YES;
			};
			name = Release;
		};
		1DFC2C2B1A8C080900ADEA1B /* Debug */ = {
			isa = XCBuildConfiguration;
			buildSettings = {
				ASSETCATALOG_COMPILER_APPICON_NAME = AppIcon;
				ASSETCATALOG_COMPILER_LAUNCHIMAGE_NAME = LaunchImage;
				CODE_SIGN_IDENTITY = "iPhone Developer";
				"CODE_SIGN_IDENTITY[sdk=iphoneos*]" = "iPhone Developer";
				FRAMEWORK_SEARCH_PATHS = (
					"$(inherited)",
					"$(PROJECT_DIR)",
					/Users/lanemiles/Documents/FacebookSDK,
				);
				INFOPLIST_FILE = Hopp/Info.plist;
				IPHONEOS_DEPLOYMENT_TARGET = 7.1;
				LD_RUNPATH_SEARCH_PATHS = "$(inherited) @executable_path/Frameworks";
				OTHER_LDFLAGS = "-ObjC";
				PRODUCT_NAME = "$(TARGET_NAME)";
				PROVISIONING_PROFILE = "";
			};
			name = Debug;
		};
		1DFC2C2C1A8C080900ADEA1B /* Release */ = {
			isa = XCBuildConfiguration;
			buildSettings = {
				ASSETCATALOG_COMPILER_APPICON_NAME = AppIcon;
				ASSETCATALOG_COMPILER_LAUNCHIMAGE_NAME = LaunchImage;
				CODE_SIGN_IDENTITY = "iPhone Developer";
				"CODE_SIGN_IDENTITY[sdk=iphoneos*]" = "iPhone Developer";
				FRAMEWORK_SEARCH_PATHS = (
					"$(inherited)",
					"$(PROJECT_DIR)",
					/Users/lanemiles/Documents/FacebookSDK,
				);
				INFOPLIST_FILE = Hopp/Info.plist;
				IPHONEOS_DEPLOYMENT_TARGET = 7.1;
				LD_RUNPATH_SEARCH_PATHS = "$(inherited) @executable_path/Frameworks";
				OTHER_LDFLAGS = "-ObjC";
				PRODUCT_NAME = "$(TARGET_NAME)";
				PROVISIONING_PROFILE = "";
			};
			name = Release;
		};
		1DFC2C2E1A8C080900ADEA1B /* Debug */ = {
			isa = XCBuildConfiguration;
			buildSettings = {
				BUNDLE_LOADER = "$(TEST_HOST)";
				CODE_SIGN_IDENTITY = "iPhone Developer";
				"CODE_SIGN_IDENTITY[sdk=iphoneos*]" = "iPhone Developer";
				FRAMEWORK_SEARCH_PATHS = (
					"$(SDKROOT)/Developer/Library/Frameworks",
					"$(inherited)",
				);
				GCC_PREPROCESSOR_DEFINITIONS = (
					"DEBUG=1",
					"$(inherited)",
				);
				INFOPLIST_FILE = HoppTests/Info.plist;
				LD_RUNPATH_SEARCH_PATHS = "$(inherited) @executable_path/Frameworks @loader_path/Frameworks";
				PRODUCT_NAME = "$(TARGET_NAME)";
				PROVISIONING_PROFILE = "";
				TEST_HOST = "$(BUILT_PRODUCTS_DIR)/Hopp.app/Hopp";
			};
			name = Debug;
		};
		1DFC2C2F1A8C080900ADEA1B /* Release */ = {
			isa = XCBuildConfiguration;
			buildSettings = {
				BUNDLE_LOADER = "$(TEST_HOST)";
				CODE_SIGN_IDENTITY = "iPhone Developer";
				"CODE_SIGN_IDENTITY[sdk=iphoneos*]" = "iPhone Developer";
				FRAMEWORK_SEARCH_PATHS = (
					"$(SDKROOT)/Developer/Library/Frameworks",
					"$(inherited)",
				);
				INFOPLIST_FILE = HoppTests/Info.plist;
				LD_RUNPATH_SEARCH_PATHS = "$(inherited) @executable_path/Frameworks @loader_path/Frameworks";
				PRODUCT_NAME = "$(TARGET_NAME)";
				PROVISIONING_PROFILE = "";
				TEST_HOST = "$(BUILT_PRODUCTS_DIR)/Hopp.app/Hopp";
			};
			name = Release;
		};
/* End XCBuildConfiguration section */

/* Begin XCConfigurationList section */
		1DFC2C021A8C080800ADEA1B /* Build configuration list for PBXProject "Hopp" */ = {
			isa = XCConfigurationList;
			buildConfigurations = (
				1DFC2C281A8C080900ADEA1B /* Debug */,
				1DFC2C291A8C080900ADEA1B /* Release */,
			);
			defaultConfigurationIsVisible = 0;
			defaultConfigurationName = Release;
		};
		1DFC2C2A1A8C080900ADEA1B /* Build configuration list for PBXNativeTarget "Hopp" */ = {
			isa = XCConfigurationList;
			buildConfigurations = (
				1DFC2C2B1A8C080900ADEA1B /* Debug */,
				1DFC2C2C1A8C080900ADEA1B /* Release */,
			);
			defaultConfigurationIsVisible = 0;
			defaultConfigurationName = Release;
		};
		1DFC2C2D1A8C080900ADEA1B /* Build configuration list for PBXNativeTarget "HoppTests" */ = {
			isa = XCConfigurationList;
			buildConfigurations = (
				1DFC2C2E1A8C080900ADEA1B /* Debug */,
				1DFC2C2F1A8C080900ADEA1B /* Release */,
			);
			defaultConfigurationIsVisible = 0;
			defaultConfigurationName = Release;
		};
/* End XCConfigurationList section */
	};
	rootObject = 1DFC2BFF1A8C080800ADEA1B /* Project object */;
}
